// !$*UTF8*$!
{
	archiveVersion = 1;
	classes = {
	};
	objectVersion = 46;
	objects = {

/* Begin PBXBuildFile section */
		090C851418F1BF6600C44CA5 /* GLUT.framework in Frameworks */ = {isa = PBXBuildFile; fileRef = 090C851218F1BF6600C44CA5 /* GLUT.framework */; };
		090C851518F1BF6600C44CA5 /* OpenGL.framework in Frameworks */ = {isa = PBXBuildFile; fileRef = 090C851318F1BF6600C44CA5 /* OpenGL.framework */; };
		092844151A0526F3003C64C7 /* glut.cpp in Sources */ = {isa = PBXBuildFile; fileRef = 092844141A0526F3003C64C7 /* glut.cpp */; };
/* End PBXBuildFile section */

/* Begin PBXCopyFilesBuildPhase section */
		090C850418F1BF4B00C44CA5 /* CopyFiles */ = {
			isa = PBXCopyFilesBuildPhase;
			buildActionMask = 2147483647;
			dstPath = /usr/share/man/man1/;
			dstSubfolderSpec = 0;
			files = (
			);
			runOnlyForDeploymentPostprocessing = 1;
		};
/* End PBXCopyFilesBuildPhase section */

/* Begin PBXFileReference section */
		090C850618F1BF4B00C44CA5 /* glutDemo */ = {isa = PBXFileReference; explicitFileType = "compiled.mach-o.executable"; includeInIndex = 0; path = glutDemo; sourceTree = BUILT_PRODUCTS_DIR; };
		090C851218F1BF6600C44CA5 /* GLUT.framework */ = {isa = PBXFileReference; lastKnownFileType = wrapper.framework; name = GLUT.framework; path = System/Library/Frameworks/GLUT.framework; sourceTree = SDKROOT; };
		090C851318F1BF6600C44CA5 /* OpenGL.framework */ = {isa = PBXFileReference; lastKnownFileType = wrapper.framework; name = OpenGL.framework; path = System/Library/Frameworks/OpenGL.framework; sourceTree = SDKROOT; };
		092844141A0526F3003C64C7 /* glut.cpp */ = {isa = PBXFileReference; fileEncoding = 4; lastKnownFileType = sourcecode.cpp.cpp; path = glut.cpp; sourceTree = "<group>"; };
/* End PBXFileReference section */

/* Begin PBXFrameworksBuildPhase section */
		090C850318F1BF4B00C44CA5 /* Frameworks */ = {
			isa = PBXFrameworksBuildPhase;
			buildActionMask = 2147483647;
			files = (
				090C851418F1BF6600C44CA5 /* GLUT.framework in Frameworks */,
				090C851518F1BF6600C44CA5 /* OpenGL.framework in Frameworks */,
			);
			runOnlyForDeploymentPostprocessing = 0;
		};
/* End PBXFrameworksBuildPhase section */

/* Begin PBXGroup section */
		090C84FD18F1BF4B00C44CA5 = {
			isa = PBXGroup;
			children = (
				090C851218F1BF6600C44CA5 /* GLUT.framework */,
				090C851318F1BF6600C44CA5 /* OpenGL.framework */,
				090C850818F1BF4B00C44CA5 /* glutDemo */,
				090C850718F1BF4B00C44CA5 /* Products */,
			);
			sourceTree = "<group>";
		};
		090C850718F1BF4B00C44CA5 /* Products */ = {
			isa = PBXGroup;
			children = (
				090C850618F1BF4B00C44CA5 /* glutDemo */,
			);
			name = Products;
			sourceTree = "<group>";
		};
		090C850818F1BF4B00C44CA5 /* glutDemo */ = {
			isa = PBXGroup;
			children = (
				092844141A0526F3003C64C7 /* glut.cpp */,
			);
			path = glutDemo;
			sourceTree = "<group>";
		};
/* End PBXGroup section */

/* Begin PBXNativeTarget section */
		090C850518F1BF4B00C44CA5 /* glutDemo */ = {
			isa = PBXNativeTarget;
			buildConfigurationList = 090C850F18F1BF4B00C44CA5 /* Build configuration list for PBXNativeTarget "glutDemo" */;
			buildPhases = (
				090C850218F1BF4B00C44CA5 /* Sources */,
				090C850318F1BF4B00C44CA5 /* Frameworks */,
				090C850418F1BF4B00C44CA5 /* CopyFiles */,
			);
			buildRules = (
			);
			dependencies = (
			);
			name = glutDemo;
			productName = glutDemo;
			productReference = 090C850618F1BF4B00C44CA5 /* glutDemo */;
			productType = "com.apple.product-type.tool";
		};
/* End PBXNativeTarget section */

/* Begin PBXProject section */
		090C84FE18F1BF4B00C44CA5 /* Project object */ = {
			isa = PBXProject;
			attributes = {
				LastUpgradeCheck = 0510;
				ORGANIZATIONNAME = TangShi;
			};
			buildConfigurationList = 090C850118F1BF4B00C44CA5 /* Build configuration list for PBXProject "glutDemo" */;
			compatibilityVersion = "Xcode 3.2";
			developmentRegion = English;
			hasScannedForEncodings = 0;
			knownRegions = (
				en,
			);
			mainGroup = 090C84FD18F1BF4B00C44CA5;
			productRefGroup = 090C850718F1BF4B00C44CA5 /* Products */;
			projectDirPath = "";
			projectRoot = "";
			targets = (
				090C850518F1BF4B00C44CA5 /* glutDemo */,
			);
		};
/* End PBXProject section */

/* Begin PBXSourcesBuildPhase section */
		090C850218F1BF4B00C44CA5 /* Sources */ = {
			isa = PBXSourcesBuildPhase;
			buildActionMask = 2147483647;
			files = (
				092844151A0526F3003C64C7 /* glut.cpp in Sources */,
			);
			runOnlyForDeploymentPostprocessing = 0;
		};
/* End PBXSourcesBuildPhase section */

/* Begin XCBuildConfiguration section */
		090C850D18F1BF4B00C44CA5 /* Debug */ = {
			isa = XCBuildConfiguration;
			buildSettings = {
				ALWAYS_SEARCH_USER_PATHS = NO;
				CLANG_CXX_LANGUAGE_STANDARD = "gnu++0x";
				CLANG_CXX_LIBRARY = "libc++";
				CLANG_ENABLE_MODULES = YES;
				CLANG_ENABLE_OBJC_ARC = YES;
				CLANG_WARN_BOOL_CONVERSION = YES;
				CLANG_WARN_CONSTANT_CONVERSION = YES;
				CLANG_WARN_DIRECT_OBJC_ISA_USAGE = YES_ERROR;
				CLANG_WARN_EMPTY_BODY = YES;
				CLANG_WARN_ENUM_CONVERSION = YES;
				CLANG_WARN_INT_CONVERSION = YES;
				CLANG_WARN_OBJC_ROOT_CLASS = YES_ERROR;
				CLANG_WARN__DUPLICATE_METHOD_MATCH = YES;
				COPY_PHASE_STRIP = NO;
				GCC_C_LANGUAGE_STANDARD = gnu99;
				GCC_DYNAMIC_NO_PIC = NO;
				GCC_ENABLE_OBJC_EXCEPTIONS = YES;
				GCC_OPTIMIZATION_LEVEL = 0;
				GCC_PREPROCESSOR_DEFINITIONS = (
					"DEBUG=1",
					"$(inherited)",
				);
				GCC_SYMBOLS_PRIVATE_EXTERN = NO;
				GCC_WARN_64_TO_32_BIT_CONVERSION = YES;
				GCC_WARN_ABOUT_RETURN_TYPE = YES_ERROR;
				GCC_WARN_UNDECLARED_SELECTOR = YES;
				GCC_WARN_UNINITIALIZED_AUTOS = YES_AGGRESSIVE;
				GCC_WARN_UNUSED_FUNCTION = YES;
				GCC_WARN_UNUSED_VARIABLE = YES;
				MACOSX_DEPLOYMENT_TARGET = 10.7;
				ONLY_ACTIVE_ARCH = YES;
				SDKROOT = macosx;
			};
			name = Debug;
		};
		090C850E18F1BF4B00C44CA5 /* Release */ = {
			isa = XCBuildConfiguration;
			buildSettings = {
				ALWAYS_SEARCH_USER_PATHS = NO;
				CLANG_CXX_LANGUAGE_STANDARD = "gnu++0x";
				CLANG_CXX_LIBRARY = "libc++";
				CLANG_ENABLE_MODULES = YES;
				CLANG_ENABLE_OBJC_ARC = YES;
				CLANG_WARN_BOOL_CONVERSION = YES;
				CLANG_WARN_CONSTANT_CONVERSION = YES;
				CLANG_WARN_DIRECT_OBJC_ISA_USAGE = YES_ERROR;
				CLANG_WARN_EMPTY_BODY = YES;
				CLANG_WARN_ENUM_CONVERSION = YES;
				CLANG_WARN_INT_CONVERSION = YES;
				CLANG_WARN_OBJC_ROOT_CLASS = YES_ERROR;
				CLANG_WARN__DUPLICATE_METHOD_MATCH = YES;
				COPY_PHASE_STRIP = YES;
				DEBUG_INFORMATION_FORMAT = "dwarf-with-dsym";
				ENABLE_NS_ASSERTIONS = NO;
				GCC_C_LANGUAGE_STANDARD = gnu99;
				GCC_ENABLE_OBJC_EXCEPTIONS = YES;
				GCC_WARN_64_TO_32_BIT_CONVERSION = YES;
				GCC_WARN_ABOUT_RETURN_TYPE = YES_ERROR;
				GCC_WARN_UNDECLARED_SELECTOR = YES;
				GCC_WARN_UNINITIALIZED_AUTOS = YES_AGGRESSIVE;
				GCC_WARN_UNUSED_FUNCTION = YES;
				GCC_WARN_UNUSED_VARIABLE = YES;
				MACOSX_DEPLOYMENT_TARGET = 10.7;
				SDKROOT = macosx;
			};
			name = Release;
		};
		090C851018F1BF4B00C44CA5 /* Debug */ = {
			isa = XCBuildConfiguration;
			buildSettings = {
				PRODUCT_NAME = "$(TARGET_NAME)";
			};
			name = Debug;
		};
		090C851118F1BF4B00C44CA5 /* Release */ = {
			isa = XCBuildConfiguration;
			buildSettings = {
				PRODUCT_NAME = "$(TARGET_NAME)";
			};
			name = Release;
		};
/* End XCBuildConfiguration section */

/* Begin XCConfigurationList section */
		090C850118F1BF4B00C44CA5 /* Build configuration list for PBXProject "glutDemo" */ = {
			isa = XCConfigurationList;
			buildConfigurations = (
				090C850D18F1BF4B00C44CA5 /* Debug */,
				090C850E18F1BF4B00C44CA5 /* Release */,
			);
			defaultConfigurationIsVisible = 0;
			defaultConfigurationName = Release;
		};
		090C850F18F1BF4B00C44CA5 /* Build configuration list for PBXNativeTarget "glutDemo" */ = {
			isa = XCConfigurationList;
			buildConfigurations = (
				090C851018F1BF4B00C44CA5 /* Debug */,
				090C851118F1BF4B00C44CA5 /* Release */,
			);
			defaultConfigurationIsVisible = 0;
			defaultConfigurationName = Release;
		};
/* End XCConfigurationList section */
	};
	rootObject = 090C84FE18F1BF4B00C44CA5 /* Project object */;
}
